
Microsoft Visual Studio Solution File, Format Version 12.00
# Visual Studio 2012
Project("{FAE04EC0-301F-11D3-BF4B-00C04F79EFBC}") = "TryCatchBlock", "TryCatchBlock\TryCatchBlock.csproj", "{D205E030-7597-492C-912F-BCB61F88E34A}"
EndProject
Global
	GlobalSection(SolutionConfigurationPlatforms) = preSolution
		Debug|Any CPU = Debug|Any CPU
		Release|Any CPU = Release|Any CPU
	EndGlobalSection
	GlobalSection(ProjectConfigurationPlatforms) = postSolution
		{D205E030-7597-492C-912F-BCB61F88E34A}.Debug|Any CPU.ActiveCfg = Debug|Any CPU
		{D205E030-7597-492C-912F-BCB61F88E34A}.Debug|Any CPU.Build.0 = Debug|Any CPU
		{D205E030-7597-492C-912F-BCB61F88E34A}.Release|Any CPU.ActiveCfg = Release|Any CPU
		{D205E030-7597-492C-912F-BCB61F88E34A}.Release|Any CPU.Build.0 = Release|Any CPU
	EndGlobalSection
	GlobalSection(SolutionProperties) = preSolution
		HideSolutionNode = FALSE
	EndGlobalSection
EndGlobal
